
Microsoft Visual Studio Solution File, Format Version 12.00
# Visual Studio Version 17
VisualStudioVersion = 17.5.33424.131
MinimumVisualStudioVersion = 10.0.40219.1
Project("{FAE04EC0-301F-11D3-BF4B-00C04F79EFBC}") = "WebApplication1", "WebApplication1\WebApplication1.csproj", "{5D8A13E8-9EB8-425A-943B-2ECF1D43FF96}"
EndProject
Global
	GlobalSection(SolutionConfigurationPlatforms) = preSolution
		Debug|Any CPU = Debug|Any CPU
		Release|Any CPU = Release|Any CPU
	EndGlobalSection
	GlobalSection(ProjectConfigurationPlatforms) = postSolution
		{5D8A13E8-9EB8-425A-943B-2ECF1D43FF96}.Debug|Any CPU.ActiveCfg = Debug|Any CPU
		{5D8A13E8-9EB8-425A-943B-2ECF1D43FF96}.Debug|Any CPU.Build.0 = Debug|Any CPU
		{5D8A13E8-9EB8-425A-943B-2ECF1D43FF96}.Release|Any CPU.ActiveCfg = Release|Any CPU
		{5D8A13E8-9EB8-425A-943B-2ECF1D43FF96}.Release|Any CPU.Build.0 = Release|Any CPU
	EndGlobalSection
	GlobalSection(SolutionProperties) = preSolution
		HideSolutionNode = FALSE
	EndGlobalSection
	GlobalSection(ExtensibilityGlobals) = postSolution
		SolutionGuid = {4EC9F85D-B7A4-4EA8-AC57-75CEE4D7BB2E}
	EndGlobalSection
EndGlobal
